
Microsoft Visual Studio Solution File, Format Version 12.00
# Visual Studio Version 16
VisualStudioVersion = 16.0.30503.244
MinimumVisualStudioVersion = 10.0.40219.1
Project("{FAE04EC0-301F-11D3-BF4B-00C04F79EFBC}") = "Reederei", "Reederei.csproj", "{9E1C25BE-0124-403B-965F-59DD78335852}"
EndProject
Global
	GlobalSection(SolutionConfigurationPlatforms) = preSolution
		Debug|Any CPU = Debug|Any CPU
		Release|Any CPU = Release|Any CPU
	EndGlobalSection
	GlobalSection(ProjectConfigurationPlatforms) = postSolution
		{9E1C25BE-0124-403B-965F-59DD78335852}.Debug|Any CPU.ActiveCfg = Debug|Any CPU
		{9E1C25BE-0124-403B-965F-59DD78335852}.Debug|Any CPU.Build.0 = Debug|Any CPU
		{9E1C25BE-0124-403B-965F-59DD78335852}.Release|Any CPU.ActiveCfg = Release|Any CPU
		{9E1C25BE-0124-403B-965F-59DD78335852}.Release|Any CPU.Build.0 = Release|Any CPU
	EndGlobalSection
	GlobalSection(SolutionProperties) = preSolution
		HideSolutionNode = FALSE
	EndGlobalSection
	GlobalSection(ExtensibilityGlobals) = postSolution
		SolutionGuid = {E2EC5081-4DBA-43C0-B39A-1655C72AF22A}
	EndGlobalSection
EndGlobal
