
Microsoft Visual Studio Solution File, Format Version 12.00
# Visual Studio Version 16
VisualStudioVersion = 16.0.30503.244
MinimumVisualStudioVersion = 10.0.40219.1
Project("{FAE04EC0-301F-11D3-BF4B-00C04F79EFBC}") = "TradingdayAnalyzerUi", "TradingdayAnalyzerUi\TradingdayAnalyzerUi.csproj", "{BEB47D8F-36AE-4FFE-94B2-190090E99019}"
EndProject
Project("{FAE04EC0-301F-11D3-BF4B-00C04F79EFBC}") = "TradingDayAnalyzerDal", "TradingDayAnalyzerDal\TradingDayAnalyzerDal.csproj", "{80615149-8AD2-4E22-8665-796EA0A8477B}"
EndProject
Global
	GlobalSection(SolutionConfigurationPlatforms) = preSolution
		Debug|Any CPU = Debug|Any CPU
		Release|Any CPU = Release|Any CPU
	EndGlobalSection
	GlobalSection(ProjectConfigurationPlatforms) = postSolution
		{BEB47D8F-36AE-4FFE-94B2-190090E99019}.Debug|Any CPU.ActiveCfg = Debug|Any CPU
		{BEB47D8F-36AE-4FFE-94B2-190090E99019}.Debug|Any CPU.Build.0 = Debug|Any CPU
		{BEB47D8F-36AE-4FFE-94B2-190090E99019}.Release|Any CPU.ActiveCfg = Release|Any CPU
		{BEB47D8F-36AE-4FFE-94B2-190090E99019}.Release|Any CPU.Build.0 = Release|Any CPU
		{80615149-8AD2-4E22-8665-796EA0A8477B}.Debug|Any CPU.ActiveCfg = Debug|Any CPU
		{80615149-8AD2-4E22-8665-796EA0A8477B}.Debug|Any CPU.Build.0 = Debug|Any CPU
		{80615149-8AD2-4E22-8665-796EA0A8477B}.Release|Any CPU.ActiveCfg = Release|Any CPU
		{80615149-8AD2-4E22-8665-796EA0A8477B}.Release|Any CPU.Build.0 = Release|Any CPU
	EndGlobalSection
	GlobalSection(SolutionProperties) = preSolution
		HideSolutionNode = FALSE
	EndGlobalSection
	GlobalSection(ExtensibilityGlobals) = postSolution
		SolutionGuid = {54CE2014-1429-4E4D-A44A-5B1DF9F029FE}
	EndGlobalSection
EndGlobal
